// !$*UTF8*$!
{
	archiveVersion = 1;
	classes = {
	};
	objectVersion = 50;
	objects = {

/* Begin PBXBuildFile section */
		EFA7195C21AC2131005A4F3C /* main.cpp in Sources */ = {isa = PBXBuildFile; fileRef = EFA7194721AAD588005A4F3C /* main.cpp */; };
		EFA7195D21AC5B2D005A4F3C /* Fanpage.cpp in Sources */ = {isa = PBXBuildFile; fileRef = EFA7195121AAD8EF005A4F3C /* Fanpage.cpp */; };
		EFA7195E21AC5B30005A4F3C /* Time.cpp in Sources */ = {isa = PBXBuildFile; fileRef = D6B9328121AAE576008F5F35 /* Time.cpp */; };
		EFA7195F21AC5B33005A4F3C /* Date.cpp in Sources */ = {isa = PBXBuildFile; fileRef = D6B9327E21AAE470008F5F35 /* Date.cpp */; };
		EFA7196021AC5B35005A4F3C /* Status.cpp in Sources */ = {isa = PBXBuildFile; fileRef = D6B9327B21AAE248008F5F35 /* Status.cpp */; };
		EFA7196121AC5B3A005A4F3C /* Facebook.cpp in Sources */ = {isa = PBXBuildFile; fileRef = EFA7194E21AAD65C005A4F3C /* Facebook.cpp */; };
/* End PBXBuildFile section */

/* Begin PBXCopyFilesBuildPhase section */
		EFA7194221AAD588005A4F3C /* CopyFiles */ = {
			isa = PBXCopyFilesBuildPhase;
			buildActionMask = 2147483647;
			dstPath = /usr/share/man/man1/;
			dstSubfolderSpec = 0;
			files = (
			);
			runOnlyForDeploymentPostprocessing = 1;
		};
/* End PBXCopyFilesBuildPhase section */

/* Begin PBXFileReference section */
		D6B9327821AAD683008F5F35 /* Member.cpp */ = {isa = PBXFileReference; lastKnownFileType = sourcecode.cpp.cpp; path = Member.cpp; sourceTree = "<group>"; };
		D6B9327921AAD683008F5F35 /* Member.hpp */ = {isa = PBXFileReference; lastKnownFileType = sourcecode.cpp.h; path = Member.hpp; sourceTree = "<group>"; };
		D6B9327B21AAE248008F5F35 /* Status.cpp */ = {isa = PBXFileReference; lastKnownFileType = sourcecode.cpp.cpp; path = Status.cpp; sourceTree = "<group>"; };
		D6B9327C21AAE248008F5F35 /* Status.hpp */ = {isa = PBXFileReference; lastKnownFileType = sourcecode.cpp.h; path = Status.hpp; sourceTree = "<group>"; };
		D6B9327E21AAE470008F5F35 /* Date.cpp */ = {isa = PBXFileReference; lastKnownFileType = sourcecode.cpp.cpp; path = Date.cpp; sourceTree = "<group>"; };
		D6B9327F21AAE470008F5F35 /* Date.hpp */ = {isa = PBXFileReference; lastKnownFileType = sourcecode.cpp.h; path = Date.hpp; sourceTree = "<group>"; };
		D6B9328121AAE576008F5F35 /* Time.cpp */ = {isa = PBXFileReference; lastKnownFileType = sourcecode.cpp.cpp; path = Time.cpp; sourceTree = "<group>"; };
		D6B9328221AAE576008F5F35 /* Time.hpp */ = {isa = PBXFileReference; lastKnownFileType = sourcecode.cpp.h; path = Time.hpp; sourceTree = "<group>"; };
		EFA7194421AAD588005A4F3C /* Facebook */ = {isa = PBXFileReference; explicitFileType = "compiled.mach-o.executable"; includeInIndex = 0; path = Facebook; sourceTree = BUILT_PRODUCTS_DIR; };
		EFA7194721AAD588005A4F3C /* main.cpp */ = {isa = PBXFileReference; lastKnownFileType = sourcecode.cpp.cpp; path = main.cpp; sourceTree = "<group>"; };
		EFA7194E21AAD65C005A4F3C /* Facebook.cpp */ = {isa = PBXFileReference; lastKnownFileType = sourcecode.cpp.cpp; path = Facebook.cpp; sourceTree = "<group>"; };
		EFA7194F21AAD65C005A4F3C /* Facebook.hpp */ = {isa = PBXFileReference; lastKnownFileType = sourcecode.cpp.h; path = Facebook.hpp; sourceTree = "<group>"; };
		EFA7195121AAD8EF005A4F3C /* Fanpage.cpp */ = {isa = PBXFileReference; lastKnownFileType = sourcecode.cpp.cpp; path = Fanpage.cpp; sourceTree = "<group>"; };
		EFA7195221AAD8EF005A4F3C /* Fanpage.hpp */ = {isa = PBXFileReference; lastKnownFileType = sourcecode.cpp.h; path = Fanpage.hpp; sourceTree = "<group>"; };
		EFA7195521AADA3D005A4F3C /* constants.hpp */ = {isa = PBXFileReference; lastKnownFileType = sourcecode.cpp.h; path = constants.hpp; sourceTree = "<group>"; };
/* End PBXFileReference section */

/* Begin PBXFrameworksBuildPhase section */
		EFA7194121AAD588005A4F3C /* Frameworks */ = {
			isa = PBXFrameworksBuildPhase;
			buildActionMask = 2147483647;
			files = (
			);
			runOnlyForDeploymentPostprocessing = 0;
		};
/* End PBXFrameworksBuildPhase section */

/* Begin PBXGroup section */
		EFA7193B21AAD588005A4F3C = {
			isa = PBXGroup;
			children = (
				EFA7194621AAD588005A4F3C /* Facebook */,
				EFA7194521AAD588005A4F3C /* Products */,
			);
			sourceTree = "<group>";
		};
		EFA7194521AAD588005A4F3C /* Products */ = {
			isa = PBXGroup;
			children = (
				EFA7194421AAD588005A4F3C /* Facebook */,
			);
			name = Products;
			sourceTree = "<group>";
		};
		EFA7194621AAD588005A4F3C /* Facebook */ = {
			isa = PBXGroup;
			children = (
				EFA7194721AAD588005A4F3C /* main.cpp */,
				EFA7194E21AAD65C005A4F3C /* Facebook.cpp */,
				EFA7194F21AAD65C005A4F3C /* Facebook.hpp */,
				D6B9327821AAD683008F5F35 /* Member.cpp */,
				D6B9327921AAD683008F5F35 /* Member.hpp */,
				D6B9327B21AAE248008F5F35 /* Status.cpp */,
				D6B9327C21AAE248008F5F35 /* Status.hpp */,
				D6B9327E21AAE470008F5F35 /* Date.cpp */,
				D6B9327F21AAE470008F5F35 /* Date.hpp */,
				D6B9328121AAE576008F5F35 /* Time.cpp */,
				D6B9328221AAE576008F5F35 /* Time.hpp */,
				EFA7195121AAD8EF005A4F3C /* Fanpage.cpp */,
				EFA7195221AAD8EF005A4F3C /* Fanpage.hpp */,
				EFA7195521AADA3D005A4F3C /* constants.hpp */,
			);
			path = Facebook;
			sourceTree = "<group>";
		};
/* End PBXGroup section */

/* Begin PBXNativeTarget section */
		EFA7194321AAD588005A4F3C /* Facebook */ = {
			isa = PBXNativeTarget;
			buildConfigurationList = EFA7194B21AAD588005A4F3C /* Build configuration list for PBXNativeTarget "Facebook" */;
			buildPhases = (
				EFA7194021AAD588005A4F3C /* Sources */,
				EFA7194121AAD588005A4F3C /* Frameworks */,
				EFA7194221AAD588005A4F3C /* CopyFiles */,
			);
			buildRules = (
			);
			dependencies = (
			);
			name = Facebook;
			productName = Facebook;
			productReference = EFA7194421AAD588005A4F3C /* Facebook */;
			productType = "com.apple.product-type.tool";
		};
/* End PBXNativeTarget section */

/* Begin PBXProject section */
		EFA7193C21AAD588005A4F3C /* Project object */ = {
			isa = PBXProject;
			attributes = {
				LastUpgradeCheck = 1010;
				ORGANIZATIONNAME = "Ilan Kushnir";
				TargetAttributes = {
					EFA7194321AAD588005A4F3C = {
						CreatedOnToolsVersion = 10.1;
					};
				};
			};
			buildConfigurationList = EFA7193F21AAD588005A4F3C /* Build configuration list for PBXProject "Facebook" */;
			compatibilityVersion = "Xcode 9.3";
			developmentRegion = en;
			hasScannedForEncodings = 0;
			knownRegions = (
				en,
			);
			mainGroup = EFA7193B21AAD588005A4F3C;
			productRefGroup = EFA7194521AAD588005A4F3C /* Products */;
			projectDirPath = "";
			projectRoot = "";
			targets = (
				EFA7194321AAD588005A4F3C /* Facebook */,
			);
		};
/* End PBXProject section */

/* Begin PBXSourcesBuildPhase section */
		EFA7194021AAD588005A4F3C /* Sources */ = {
			isa = PBXSourcesBuildPhase;
			buildActionMask = 2147483647;
			files = (
				EFA7195E21AC5B30005A4F3C /* Time.cpp in Sources */,
				EFA7195D21AC5B2D005A4F3C /* Fanpage.cpp in Sources */,
				EFA7195C21AC2131005A4F3C /* main.cpp in Sources */,
				EFA7196121AC5B3A005A4F3C /* Facebook.cpp in Sources */,
				EFA7196021AC5B35005A4F3C /* Status.cpp in Sources */,
				EFA7195F21AC5B33005A4F3C /* Date.cpp in Sources */,
			);
			runOnlyForDeploymentPostprocessing = 0;
		};
/* End PBXSourcesBuildPhase section */

/* Begin XCBuildConfiguration section */
		EFA7194921AAD588005A4F3C /* Debug */ = {
			isa = XCBuildConfiguration;
			buildSettings = {
				ALWAYS_SEARCH_USER_PATHS = NO;
				CLANG_ANALYZER_NONNULL = YES;
				CLANG_ANALYZER_NUMBER_OBJECT_CONVERSION = YES_AGGRESSIVE;
				CLANG_CXX_LANGUAGE_STANDARD = "gnu++14";
				CLANG_CXX_LIBRARY = "libc++";
				CLANG_ENABLE_MODULES = YES;
				CLANG_ENABLE_OBJC_ARC = YES;
				CLANG_ENABLE_OBJC_WEAK = YES;
				CLANG_WARN_BLOCK_CAPTURE_AUTORELEASING = YES;
				CLANG_WARN_BOOL_CONVERSION = YES;
				CLANG_WARN_COMMA = YES;
				CLANG_WARN_CONSTANT_CONVERSION = YES;
				CLANG_WARN_DEPRECATED_OBJC_IMPLEMENTATIONS = YES;
				CLANG_WARN_DIRECT_OBJC_ISA_USAGE = YES_ERROR;
				CLANG_WARN_DOCUMENTATION_COMMENTS = YES;
				CLANG_WARN_EMPTY_BODY = YES;
				CLANG_WARN_ENUM_CONVERSION = YES;
				CLANG_WARN_INFINITE_RECURSION = YES;
				CLANG_WARN_INT_CONVERSION = YES;
				CLANG_WARN_NON_LITERAL_NULL_CONVERSION = YES;
				CLANG_WARN_OBJC_IMPLICIT_RETAIN_SELF = YES;
				CLANG_WARN_OBJC_LITERAL_CONVERSION = YES;
				CLANG_WARN_OBJC_ROOT_CLASS = YES_ERROR;
				CLANG_WARN_RANGE_LOOP_ANALYSIS = YES;
				CLANG_WARN_STRICT_PROTOTYPES = YES;
				CLANG_WARN_SUSPICIOUS_MOVE = YES;
				CLANG_WARN_UNGUARDED_AVAILABILITY = YES_AGGRESSIVE;
				CLANG_WARN_UNREACHABLE_CODE = YES;
				CLANG_WARN__DUPLICATE_METHOD_MATCH = YES;
				CODE_SIGN_IDENTITY = "Mac Developer";
				COPY_PHASE_STRIP = NO;
				DEBUG_INFORMATION_FORMAT = dwarf;
				ENABLE_STRICT_OBJC_MSGSEND = YES;
				ENABLE_TESTABILITY = YES;
				GCC_C_LANGUAGE_STANDARD = gnu11;
				GCC_DYNAMIC_NO_PIC = NO;
				GCC_NO_COMMON_BLOCKS = YES;
				GCC_OPTIMIZATION_LEVEL = 0;
				GCC_PREPROCESSOR_DEFINITIONS = (
					"DEBUG=1",
					"$(inherited)",
				);
				GCC_WARN_64_TO_32_BIT_CONVERSION = YES;
				GCC_WARN_ABOUT_RETURN_TYPE = YES_ERROR;
				GCC_WARN_UNDECLARED_SELECTOR = YES;
				GCC_WARN_UNINITIALIZED_AUTOS = YES_AGGRESSIVE;
				GCC_WARN_UNUSED_FUNCTION = YES;
				GCC_WARN_UNUSED_VARIABLE = YES;
				MACOSX_DEPLOYMENT_TARGET = 10.14;
				MTL_ENABLE_DEBUG_INFO = INCLUDE_SOURCE;
				MTL_FAST_MATH = YES;
				ONLY_ACTIVE_ARCH = YES;
				SDKROOT = macosx;
			};
			name = Debug;
		};
		EFA7194A21AAD588005A4F3C /* Release */ = {
			isa = XCBuildConfiguration;
			buildSettings = {
				ALWAYS_SEARCH_USER_PATHS = NO;
				CLANG_ANALYZER_NONNULL = YES;
				CLANG_ANALYZER_NUMBER_OBJECT_CONVERSION = YES_AGGRESSIVE;
				CLANG_CXX_LANGUAGE_STANDARD = "gnu++14";
				CLANG_CXX_LIBRARY = "libc++";
				CLANG_ENABLE_MODULES = YES;
				CLANG_ENABLE_OBJC_ARC = YES;
				CLANG_ENABLE_OBJC_WEAK = YES;
				CLANG_WARN_BLOCK_CAPTURE_AUTORELEASING = YES;
				CLANG_WARN_BOOL_CONVERSION = YES;
				CLANG_WARN_COMMA = YES;
				CLANG_WARN_CONSTANT_CONVERSION = YES;
				CLANG_WARN_DEPRECATED_OBJC_IMPLEMENTATIONS = YES;
				CLANG_WARN_DIRECT_OBJC_ISA_USAGE = YES_ERROR;
				CLANG_WARN_DOCUMENTATION_COMMENTS = YES;
				CLANG_WARN_EMPTY_BODY = YES;
				CLANG_WARN_ENUM_CONVERSION = YES;
				CLANG_WARN_INFINITE_RECURSION = YES;
				CLANG_WARN_INT_CONVERSION = YES;
				CLANG_WARN_NON_LITERAL_NULL_CONVERSION = YES;
				CLANG_WARN_OBJC_IMPLICIT_RETAIN_SELF = YES;
				CLANG_WARN_OBJC_LITERAL_CONVERSION = YES;
				CLANG_WARN_OBJC_ROOT_CLASS = YES_ERROR;
				CLANG_WARN_RANGE_LOOP_ANALYSIS = YES;
				CLANG_WARN_STRICT_PROTOTYPES = YES;
				CLANG_WARN_SUSPICIOUS_MOVE = YES;
				CLANG_WARN_UNGUARDED_AVAILABILITY = YES_AGGRESSIVE;
				CLANG_WARN_UNREACHABLE_CODE = YES;
				CLANG_WARN__DUPLICATE_METHOD_MATCH = YES;
				CODE_SIGN_IDENTITY = "Mac Developer";
				COPY_PHASE_STRIP = NO;
				DEBUG_INFORMATION_FORMAT = "dwarf-with-dsym";
				ENABLE_NS_ASSERTIONS = NO;
				ENABLE_STRICT_OBJC_MSGSEND = YES;
				GCC_C_LANGUAGE_STANDARD = gnu11;
				GCC_NO_COMMON_BLOCKS = YES;
				GCC_WARN_64_TO_32_BIT_CONVERSION = YES;
				GCC_WARN_ABOUT_RETURN_TYPE = YES_ERROR;
				GCC_WARN_UNDECLARED_SELECTOR = YES;
				GCC_WARN_UNINITIALIZED_AUTOS = YES_AGGRESSIVE;
				GCC_WARN_UNUSED_FUNCTION = YES;
				GCC_WARN_UNUSED_VARIABLE = YES;
				MACOSX_DEPLOYMENT_TARGET = 10.14;
				MTL_ENABLE_DEBUG_INFO = NO;
				MTL_FAST_MATH = YES;
				SDKROOT = macosx;
			};
			name = Release;
		};
		EFA7194C21AAD588005A4F3C /* Debug */ = {
			isa = XCBuildConfiguration;
			buildSettings = {
				CODE_SIGN_STYLE = Automatic;
				DEVELOPMENT_TEAM = R488R6B844;
				PRODUCT_NAME = "$(TARGET_NAME)";
			};
			name = Debug;
		};
		EFA7194D21AAD588005A4F3C /* Release */ = {
			isa = XCBuildConfiguration;
			buildSettings = {
				CODE_SIGN_STYLE = Automatic;
				DEVELOPMENT_TEAM = R488R6B844;
				PRODUCT_NAME = "$(TARGET_NAME)";
			};
			name = Release;
		};
/* End XCBuildConfiguration section */

/* Begin XCConfigurationList section */
		EFA7193F21AAD588005A4F3C /* Build configuration list for PBXProject "Facebook" */ = {
			isa = XCConfigurationList;
			buildConfigurations = (
				EFA7194921AAD588005A4F3C /* Debug */,
				EFA7194A21AAD588005A4F3C /* Release */,
			);
			defaultConfigurationIsVisible = 0;
			defaultConfigurationName = Release;
		};
		EFA7194B21AAD588005A4F3C /* Build configuration list for PBXNativeTarget "Facebook" */ = {
			isa = XCConfigurationList;
			buildConfigurations = (
				EFA7194C21AAD588005A4F3C /* Debug */,
				EFA7194D21AAD588005A4F3C /* Release */,
			);
			defaultConfigurationIsVisible = 0;
			defaultConfigurationName = Release;
		};
/* End XCConfigurationList section */
	};
	rootObject = EFA7193C21AAD588005A4F3C /* Project object */;
}
